// !$*UTF8*$!
{
	archiveVersion = 1;
	classes = {
	};
	objectVersion = 56;
	objects = {

/* Begin PBXBuildFile section */
		843F79F42B6900A500563976 /* NoteInteractor.swift in Sources */ = {isa = PBXBuildFile; fileRef = 843F79F32B6900A500563976 /* NoteInteractor.swift */; };
		844C91612B6BD454000DF881 /* DBManagerService.swift in Sources */ = {isa = PBXBuildFile; fileRef = 844C91602B6BD454000DF881 /* DBManagerService.swift */; };
		84604ABE2B7A06EA00A98CED /* AnimatorFactory.swift in Sources */ = {isa = PBXBuildFile; fileRef = 84604ABD2B7A06EA00A98CED /* AnimatorFactory.swift */; };
		84604AC02B7A16F500A98CED /* YearSubCell.swift in Sources */ = {isa = PBXBuildFile; fileRef = 84604ABF2B7A16F500A98CED /* YearSubCell.swift */; };
		84604AC32B7CA26200A98CED /* PasswordViewController.swift in Sources */ = {isa = PBXBuildFile; fileRef = 84604AC22B7CA26200A98CED /* PasswordViewController.swift */; };
		84604AC52B7CA28900A98CED /* PasswordConfigurator.swift in Sources */ = {isa = PBXBuildFile; fileRef = 84604AC42B7CA28900A98CED /* PasswordConfigurator.swift */; };
		84604AC72B7CA2A600A98CED /* PasswordProtocols.swift in Sources */ = {isa = PBXBuildFile; fileRef = 84604AC62B7CA2A600A98CED /* PasswordProtocols.swift */; };
		84604AC92B7CA6DF00A98CED /* PasswordPresenter.swift in Sources */ = {isa = PBXBuildFile; fileRef = 84604AC82B7CA6DF00A98CED /* PasswordPresenter.swift */; };
		84604ACB2B7CA7B000A98CED /* PasswordRouter.swift in Sources */ = {isa = PBXBuildFile; fileRef = 84604ACA2B7CA7B000A98CED /* PasswordRouter.swift */; };
		84604ACD2B7CA8F400A98CED /* PasswordInteractor.swift in Sources */ = {isa = PBXBuildFile; fileRef = 84604ACC2B7CA8F400A98CED /* PasswordInteractor.swift */; };
		846395132B69096C00B0B3C5 /* NoteButton.swift in Sources */ = {isa = PBXBuildFile; fileRef = 846395122B69096C00B0B3C5 /* NoteButton.swift */; };
		8484BE022B66A21800A75E7F /* AppDelegate.swift in Sources */ = {isa = PBXBuildFile; fileRef = 8484BE012B66A21800A75E7F /* AppDelegate.swift */; };
		8484BE042B66A21800A75E7F /* SceneDelegate.swift in Sources */ = {isa = PBXBuildFile; fileRef = 8484BE032B66A21800A75E7F /* SceneDelegate.swift */; };
		8484BE062B66A21800A75E7F /* MainViewController.swift in Sources */ = {isa = PBXBuildFile; fileRef = 8484BE052B66A21800A75E7F /* MainViewController.swift */; };
		8484BE0C2B66A21800A75E7F /* notes.xcdatamodeld in Sources */ = {isa = PBXBuildFile; fileRef = 8484BE0A2B66A21800A75E7F /* notes.xcdatamodeld */; };
		8484BE0E2B66A21900A75E7F /* Assets.xcassets in Resources */ = {isa = PBXBuildFile; fileRef = 8484BE0D2B66A21900A75E7F /* Assets.xcassets */; };
		8484BE2E2B6778FA00A75E7F /* misc.swift in Sources */ = {isa = PBXBuildFile; fileRef = 8484BE2D2B6778FA00A75E7F /* misc.swift */; };
		8484BE322B677EDE00A75E7F /* AppAssembly.swift in Sources */ = {isa = PBXBuildFile; fileRef = 8484BE312B677EDE00A75E7F /* AppAssembly.swift */; };
		8484BE352B677F5900A75E7F /* UIViewController + ext.swift in Sources */ = {isa = PBXBuildFile; fileRef = 8484BE342B677F5900A75E7F /* UIViewController + ext.swift */; };
		8484BE372B67805500A75E7F /* MainProtocols.swift in Sources */ = {isa = PBXBuildFile; fileRef = 8484BE362B67805500A75E7F /* MainProtocols.swift */; };
		8484BE392B6780CC00A75E7F /* MainConfigurator.swift in Sources */ = {isa = PBXBuildFile; fileRef = 8484BE382B6780CC00A75E7F /* MainConfigurator.swift */; };
		8484BE3B2B67811C00A75E7F /* MainPresenter.swift in Sources */ = {isa = PBXBuildFile; fileRef = 8484BE3A2B67811C00A75E7F /* MainPresenter.swift */; };
		8484BE3D2B67823A00A75E7F /* MainInteractor.swift in Sources */ = {isa = PBXBuildFile; fileRef = 8484BE3C2B67823A00A75E7F /* MainInteractor.swift */; };
		8484BE3F2B67826500A75E7F /* MainRouter.swift in Sources */ = {isa = PBXBuildFile; fileRef = 8484BE3E2B67826500A75E7F /* MainRouter.swift */; };
		8484BE422B67A97400A75E7F /* TopBannerCell.swift in Sources */ = {isa = PBXBuildFile; fileRef = 8484BE412B67A97400A75E7F /* TopBannerCell.swift */; };
		8484BE442B67ABEE00A75E7F /* TopBannerSubCell.swift in Sources */ = {isa = PBXBuildFile; fileRef = 8484BE432B67ABEE00A75E7F /* TopBannerSubCell.swift */; };
		8484BE462B67AD7100A75E7F /* NoteCell.swift in Sources */ = {isa = PBXBuildFile; fileRef = 8484BE452B67AD7100A75E7F /* NoteCell.swift */; };
		8484BE482B67BAC800A75E7F /* MainVC + ext.swift in Sources */ = {isa = PBXBuildFile; fileRef = 8484BE472B67BAC800A75E7F /* MainVC + ext.swift */; };
		8484BE4A2B67BDC200A75E7F /* MainVCLayouts.swift in Sources */ = {isa = PBXBuildFile; fileRef = 8484BE492B67BDC200A75E7F /* MainVCLayouts.swift */; };
		8484BE4C2B67E5EF00A75E7F /* UIButton + ext.swift in Sources */ = {isa = PBXBuildFile; fileRef = 8484BE4B2B67E5EF00A75E7F /* UIButton + ext.swift */; };
		8484BE4F2B67F1B500A75E7F /* UIImage + ext.swift in Sources */ = {isa = PBXBuildFile; fileRef = 8484BE4E2B67F1B500A75E7F /* UIImage + ext.swift */; };
		8484BE512B67F9F300A75E7F /* UIStackView + ext.swift in Sources */ = {isa = PBXBuildFile; fileRef = 8484BE502B67F9F300A75E7F /* UIStackView + ext.swift */; };
		8484BE542B68E90B00A75E7F /* NoteViewController.swift in Sources */ = {isa = PBXBuildFile; fileRef = 8484BE532B68E90B00A75E7F /* NoteViewController.swift */; };
		8484BE562B68E93000A75E7F /* NoteProtocols.swift in Sources */ = {isa = PBXBuildFile; fileRef = 8484BE552B68E93000A75E7F /* NoteProtocols.swift */; };
		8484BE582B68EA2000A75E7F /* NoteConfigurator.swift in Sources */ = {isa = PBXBuildFile; fileRef = 8484BE572B68EA2000A75E7F /* NoteConfigurator.swift */; };
		8484BE5A2B68EA6F00A75E7F /* NotePresenter.swift in Sources */ = {isa = PBXBuildFile; fileRef = 8484BE592B68EA6F00A75E7F /* NotePresenter.swift */; };
		8484BE5C2B68EC5800A75E7F /* NoteRouter.swift in Sources */ = {isa = PBXBuildFile; fileRef = 8484BE5B2B68EC5800A75E7F /* NoteRouter.swift */; };
		8499D8B12B6E4A3900ABBF61 /* README.md in Resources */ = {isa = PBXBuildFile; fileRef = 8499D8B02B6E4A3900ABBF61 /* README.md */; };
		8499D8B32B6E4D2300ABBF61 /* cover.png in Resources */ = {isa = PBXBuildFile; fileRef = 8499D8B22B6E4D2300ABBF61 /* cover.png */; };
		84ABE7C62B6AA374007A9C56 /* TextInputField.swift in Sources */ = {isa = PBXBuildFile; fileRef = 84ABE7C52B6AA374007A9C56 /* TextInputField.swift */; };
		84BAEC4C2B6A906E00B1D6E3 /* ImagePicker.swift in Sources */ = {isa = PBXBuildFile; fileRef = 84BAEC4B2B6A906E00B1D6E3 /* ImagePicker.swift */; };
		84BAEC4E2B6A91E900B1D6E3 /* NoteVC + ext.swift in Sources */ = {isa = PBXBuildFile; fileRef = 84BAEC4D2B6A91E900B1D6E3 /* NoteVC + ext.swift */; };
/* End PBXBuildFile section */

/* Begin PBXFileReference section */
		843F79F32B6900A500563976 /* NoteInteractor.swift */ = {isa = PBXFileReference; lastKnownFileType = sourcecode.swift; path = NoteInteractor.swift; sourceTree = "<group>"; };
		844C91602B6BD454000DF881 /* DBManagerService.swift */ = {isa = PBXFileReference; lastKnownFileType = sourcecode.swift; path = DBManagerService.swift; sourceTree = "<group>"; };
		84604ABD2B7A06EA00A98CED /* AnimatorFactory.swift */ = {isa = PBXFileReference; lastKnownFileType = sourcecode.swift; path = AnimatorFactory.swift; sourceTree = "<group>"; };
		84604ABF2B7A16F500A98CED /* YearSubCell.swift */ = {isa = PBXFileReference; lastKnownFileType = sourcecode.swift; path = YearSubCell.swift; sourceTree = "<group>"; };
		84604AC22B7CA26200A98CED /* PasswordViewController.swift */ = {isa = PBXFileReference; lastKnownFileType = sourcecode.swift; path = PasswordViewController.swift; sourceTree = "<group>"; };
		84604AC42B7CA28900A98CED /* PasswordConfigurator.swift */ = {isa = PBXFileReference; lastKnownFileType = sourcecode.swift; path = PasswordConfigurator.swift; sourceTree = "<group>"; };
		84604AC62B7CA2A600A98CED /* PasswordProtocols.swift */ = {isa = PBXFileReference; lastKnownFileType = sourcecode.swift; path = PasswordProtocols.swift; sourceTree = "<group>"; };
		84604AC82B7CA6DF00A98CED /* PasswordPresenter.swift */ = {isa = PBXFileReference; lastKnownFileType = sourcecode.swift; path = PasswordPresenter.swift; sourceTree = "<group>"; };
		84604ACA2B7CA7B000A98CED /* PasswordRouter.swift */ = {isa = PBXFileReference; lastKnownFileType = sourcecode.swift; path = PasswordRouter.swift; sourceTree = "<group>"; };
		84604ACC2B7CA8F400A98CED /* PasswordInteractor.swift */ = {isa = PBXFileReference; lastKnownFileType = sourcecode.swift; path = PasswordInteractor.swift; sourceTree = "<group>"; };
		846395122B69096C00B0B3C5 /* NoteButton.swift */ = {isa = PBXFileReference; lastKnownFileType = sourcecode.swift; path = NoteButton.swift; sourceTree = "<group>"; };
		8484BDFE2B66A21800A75E7F /* notes.app */ = {isa = PBXFileReference; explicitFileType = wrapper.application; includeInIndex = 0; path = notes.app; sourceTree = BUILT_PRODUCTS_DIR; };
		8484BE012B66A21800A75E7F /* AppDelegate.swift */ = {isa = PBXFileReference; lastKnownFileType = sourcecode.swift; path = AppDelegate.swift; sourceTree = "<group>"; };
		8484BE032B66A21800A75E7F /* SceneDelegate.swift */ = {isa = PBXFileReference; lastKnownFileType = sourcecode.swift; path = SceneDelegate.swift; sourceTree = "<group>"; };
		8484BE052B66A21800A75E7F /* MainViewController.swift */ = {isa = PBXFileReference; lastKnownFileType = sourcecode.swift; path = MainViewController.swift; sourceTree = "<group>"; };
		8484BE0B2B66A21800A75E7F /* notes.xcdatamodel */ = {isa = PBXFileReference; lastKnownFileType = wrapper.xcdatamodel; path = notes.xcdatamodel; sourceTree = "<group>"; };
		8484BE0D2B66A21900A75E7F /* Assets.xcassets */ = {isa = PBXFileReference; lastKnownFileType = folder.assetcatalog; path = Assets.xcassets; sourceTree = "<group>"; };
		8484BE122B66A21900A75E7F /* Info.plist */ = {isa = PBXFileReference; lastKnownFileType = text.plist.xml; path = Info.plist; sourceTree = "<group>"; };
		8484BE2D2B6778FA00A75E7F /* misc.swift */ = {isa = PBXFileReference; lastKnownFileType = sourcecode.swift; path = misc.swift; sourceTree = "<group>"; };
		8484BE312B677EDE00A75E7F /* AppAssembly.swift */ = {isa = PBXFileReference; lastKnownFileType = sourcecode.swift; path = AppAssembly.swift; sourceTree = "<group>"; };
		8484BE342B677F5900A75E7F /* UIViewController + ext.swift */ = {isa = PBXFileReference; lastKnownFileType = sourcecode.swift; path = "UIViewController + ext.swift"; sourceTree = "<group>"; };
		8484BE362B67805500A75E7F /* MainProtocols.swift */ = {isa = PBXFileReference; lastKnownFileType = sourcecode.swift; path = MainProtocols.swift; sourceTree = "<group>"; };
		8484BE382B6780CC00A75E7F /* MainConfigurator.swift */ = {isa = PBXFileReference; lastKnownFileType = sourcecode.swift; path = MainConfigurator.swift; sourceTree = "<group>"; };
		8484BE3A2B67811C00A75E7F /* MainPresenter.swift */ = {isa = PBXFileReference; lastKnownFileType = sourcecode.swift; path = MainPresenter.swift; sourceTree = "<group>"; };
		8484BE3C2B67823A00A75E7F /* MainInteractor.swift */ = {isa = PBXFileReference; lastKnownFileType = sourcecode.swift; path = MainInteractor.swift; sourceTree = "<group>"; };
		8484BE3E2B67826500A75E7F /* MainRouter.swift */ = {isa = PBXFileReference; lastKnownFileType = sourcecode.swift; path = MainRouter.swift; sourceTree = "<group>"; };
		8484BE412B67A97400A75E7F /* TopBannerCell.swift */ = {isa = PBXFileReference; lastKnownFileType = sourcecode.swift; path = TopBannerCell.swift; sourceTree = "<group>"; };
		8484BE432B67ABEE00A75E7F /* TopBannerSubCell.swift */ = {isa = PBXFileReference; lastKnownFileType = sourcecode.swift; path = TopBannerSubCell.swift; sourceTree = "<group>"; };
		8484BE452B67AD7100A75E7F /* NoteCell.swift */ = {isa = PBXFileReference; lastKnownFileType = sourcecode.swift; path = NoteCell.swift; sourceTree = "<group>"; };
		8484BE472B67BAC800A75E7F /* MainVC + ext.swift */ = {isa = PBXFileReference; lastKnownFileType = sourcecode.swift; path = "MainVC + ext.swift"; sourceTree = "<group>"; };
		8484BE492B67BDC200A75E7F /* MainVCLayouts.swift */ = {isa = PBXFileReference; lastKnownFileType = sourcecode.swift; path = MainVCLayouts.swift; sourceTree = "<group>"; };
		8484BE4B2B67E5EF00A75E7F /* UIButton + ext.swift */ = {isa = PBXFileReference; lastKnownFileType = sourcecode.swift; path = "UIButton + ext.swift"; sourceTree = "<group>"; };
		8484BE4E2B67F1B500A75E7F /* UIImage + ext.swift */ = {isa = PBXFileReference; lastKnownFileType = sourcecode.swift; path = "UIImage + ext.swift"; sourceTree = "<group>"; };
		8484BE502B67F9F300A75E7F /* UIStackView + ext.swift */ = {isa = PBXFileReference; lastKnownFileType = sourcecode.swift; path = "UIStackView + ext.swift"; sourceTree = "<group>"; };
		8484BE532B68E90B00A75E7F /* NoteViewController.swift */ = {isa = PBXFileReference; lastKnownFileType = sourcecode.swift; path = NoteViewController.swift; sourceTree = "<group>"; };
		8484BE552B68E93000A75E7F /* NoteProtocols.swift */ = {isa = PBXFileReference; lastKnownFileType = sourcecode.swift; path = NoteProtocols.swift; sourceTree = "<group>"; };
		8484BE572B68EA2000A75E7F /* NoteConfigurator.swift */ = {isa = PBXFileReference; lastKnownFileType = sourcecode.swift; path = NoteConfigurator.swift; sourceTree = "<group>"; };
		8484BE592B68EA6F00A75E7F /* NotePresenter.swift */ = {isa = PBXFileReference; lastKnownFileType = sourcecode.swift; path = NotePresenter.swift; sourceTree = "<group>"; };
		8484BE5B2B68EC5800A75E7F /* NoteRouter.swift */ = {isa = PBXFileReference; lastKnownFileType = sourcecode.swift; path = NoteRouter.swift; sourceTree = "<group>"; };
		8499D8B02B6E4A3900ABBF61 /* README.md */ = {isa = PBXFileReference; lastKnownFileType = net.daringfireball.markdown; path = README.md; sourceTree = "<group>"; };
		8499D8B22B6E4D2300ABBF61 /* cover.png */ = {isa = PBXFileReference; lastKnownFileType = image.png; path = cover.png; sourceTree = "<group>"; };
		84ABE7C52B6AA374007A9C56 /* TextInputField.swift */ = {isa = PBXFileReference; lastKnownFileType = sourcecode.swift; path = TextInputField.swift; sourceTree = "<group>"; };
		84BAEC4B2B6A906E00B1D6E3 /* ImagePicker.swift */ = {isa = PBXFileReference; lastKnownFileType = sourcecode.swift; path = ImagePicker.swift; sourceTree = "<group>"; };
		84BAEC4D2B6A91E900B1D6E3 /* NoteVC + ext.swift */ = {isa = PBXFileReference; lastKnownFileType = sourcecode.swift; path = "NoteVC + ext.swift"; sourceTree = "<group>"; };
/* End PBXFileReference section */

/* Begin PBXFrameworksBuildPhase section */
		8484BDFB2B66A21800A75E7F /* Frameworks */ = {
			isa = PBXFrameworksBuildPhase;
			buildActionMask = 2147483647;
			files = (
			);
			runOnlyForDeploymentPostprocessing = 0;
		};
/* End PBXFrameworksBuildPhase section */

/* Begin PBXGroup section */
		84604AC12B7CA20500A98CED /* Password */ = {
			isa = PBXGroup;
			children = (
				84604AC22B7CA26200A98CED /* PasswordViewController.swift */,
				84604AC42B7CA28900A98CED /* PasswordConfigurator.swift */,
				84604AC62B7CA2A600A98CED /* PasswordProtocols.swift */,
				84604AC82B7CA6DF00A98CED /* PasswordPresenter.swift */,
				84604ACA2B7CA7B000A98CED /* PasswordRouter.swift */,
				84604ACC2B7CA8F400A98CED /* PasswordInteractor.swift */,
			);
			path = Password;
			sourceTree = "<group>";
		};
		846395112B69095200B0B3C5 /* Views */ = {
			isa = PBXGroup;
			children = (
				846395122B69096C00B0B3C5 /* NoteButton.swift */,
				84ABE7C52B6AA374007A9C56 /* TextInputField.swift */,
			);
			path = Views;
			sourceTree = "<group>";
		};
		8484BDF52B66A21800A75E7F = {
			isa = PBXGroup;
			children = (
				8499D8B02B6E4A3900ABBF61 /* README.md */,
				8499D8AB2B6E469C00ABBF61 /* images */,
				8484BE002B66A21800A75E7F /* notes */,
				8484BDFF2B66A21800A75E7F /* Products */,
				8484BE1D2B66AAC300A75E7F /* Frameworks */,
			);
			sourceTree = "<group>";
		};
		8484BDFF2B66A21800A75E7F /* Products */ = {
			isa = PBXGroup;
			children = (
				8484BDFE2B66A21800A75E7F /* notes.app */,
			);
			name = Products;
			sourceTree = "<group>";
		};
		8484BE002B66A21800A75E7F /* notes */ = {
			isa = PBXGroup;
			children = (
				84BAEC4A2B6A905D00B1D6E3 /* Services */,
				8484BE4D2B67E6A000A75E7F /* utilities */,
				8484BE332B677F2100A75E7F /* Extensions */,
				8484BE2F2B677E8C00A75E7F /* Modules */,
				8484BE012B66A21800A75E7F /* AppDelegate.swift */,
				8484BE032B66A21800A75E7F /* SceneDelegate.swift */,
				8484BE0D2B66A21900A75E7F /* Assets.xcassets */,
				8484BE122B66A21900A75E7F /* Info.plist */,
				8484BE0A2B66A21800A75E7F /* notes.xcdatamodeld */,
				8484BE312B677EDE00A75E7F /* AppAssembly.swift */,
			);
			path = notes;
			sourceTree = "<group>";
		};
		8484BE1D2B66AAC300A75E7F /* Frameworks */ = {
			isa = PBXGroup;
			children = (
			);
			name = Frameworks;
			sourceTree = "<group>";
		};
		8484BE2F2B677E8C00A75E7F /* Modules */ = {
			isa = PBXGroup;
			children = (
				84604AC12B7CA20500A98CED /* Password */,
				8484BE522B68E8D700A75E7F /* Note */,
				8484BE302B677E9200A75E7F /* Main */,
			);
			path = Modules;
			sourceTree = "<group>";
		};
		8484BE302B677E9200A75E7F /* Main */ = {
			isa = PBXGroup;
			children = (
				8484BE402B67A96400A75E7F /* Cells */,
				8484BE382B6780CC00A75E7F /* MainConfigurator.swift */,
				8484BE052B66A21800A75E7F /* MainViewController.swift */,
				8484BE362B67805500A75E7F /* MainProtocols.swift */,
				8484BE3A2B67811C00A75E7F /* MainPresenter.swift */,
				8484BE3C2B67823A00A75E7F /* MainInteractor.swift */,
				8484BE3E2B67826500A75E7F /* MainRouter.swift */,
				8484BE472B67BAC800A75E7F /* MainVC + ext.swift */,
				8484BE492B67BDC200A75E7F /* MainVCLayouts.swift */,
			);
			path = Main;
			sourceTree = "<group>";
		};
		8484BE332B677F2100A75E7F /* Extensions */ = {
			isa = PBXGroup;
			children = (
				8484BE342B677F5900A75E7F /* UIViewController + ext.swift */,
				8484BE4B2B67E5EF00A75E7F /* UIButton + ext.swift */,
				8484BE4E2B67F1B500A75E7F /* UIImage + ext.swift */,
				8484BE502B67F9F300A75E7F /* UIStackView + ext.swift */,
			);
			path = Extensions;
			sourceTree = "<group>";
		};
		8484BE402B67A96400A75E7F /* Cells */ = {
			isa = PBXGroup;
			children = (
				8484BE412B67A97400A75E7F /* TopBannerCell.swift */,
				8484BE432B67ABEE00A75E7F /* TopBannerSubCell.swift */,
				8484BE452B67AD7100A75E7F /* NoteCell.swift */,
				84604ABF2B7A16F500A98CED /* YearSubCell.swift */,
			);
			path = Cells;
			sourceTree = "<group>";
		};
		8484BE4D2B67E6A000A75E7F /* utilities */ = {
			isa = PBXGroup;
			children = (
				8484BE2D2B6778FA00A75E7F /* misc.swift */,
				84604ABD2B7A06EA00A98CED /* AnimatorFactory.swift */,
			);
			path = utilities;
			sourceTree = "<group>";
		};
		8484BE522B68E8D700A75E7F /* Note */ = {
			isa = PBXGroup;
			children = (
				846395112B69095200B0B3C5 /* Views */,
				8484BE532B68E90B00A75E7F /* NoteViewController.swift */,
				84BAEC4D2B6A91E900B1D6E3 /* NoteVC + ext.swift */,
				8484BE552B68E93000A75E7F /* NoteProtocols.swift */,
				8484BE572B68EA2000A75E7F /* NoteConfigurator.swift */,
				8484BE592B68EA6F00A75E7F /* NotePresenter.swift */,
				8484BE5B2B68EC5800A75E7F /* NoteRouter.swift */,
				843F79F32B6900A500563976 /* NoteInteractor.swift */,
			);
			path = Note;
			sourceTree = "<group>";
		};
		8499D8AB2B6E469C00ABBF61 /* images */ = {
			isa = PBXGroup;
			children = (
				8499D8B22B6E4D2300ABBF61 /* cover.png */,
			);
			path = images;
			sourceTree = "<group>";
		};
		84BAEC4A2B6A905D00B1D6E3 /* Services */ = {
			isa = PBXGroup;
			children = (
				84BAEC4B2B6A906E00B1D6E3 /* ImagePicker.swift */,
				844C91602B6BD454000DF881 /* DBManagerService.swift */,
			);
			path = Services;
			sourceTree = "<group>";
		};
/* End PBXGroup section */

/* Begin PBXNativeTarget section */
		8484BDFD2B66A21800A75E7F /* notes */ = {
			isa = PBXNativeTarget;
			buildConfigurationList = 8484BE152B66A21900A75E7F /* Build configuration list for PBXNativeTarget "notes" */;
			buildPhases = (
				8484BDFA2B66A21800A75E7F /* Sources */,
				8484BDFB2B66A21800A75E7F /* Frameworks */,
				8484BDFC2B66A21800A75E7F /* Resources */,
			);
			buildRules = (
			);
			dependencies = (
			);
			name = notes;
			packageProductDependencies = (
			);
			productName = notes;
			productReference = 8484BDFE2B66A21800A75E7F /* notes.app */;
			productType = "com.apple.product-type.application";
		};
/* End PBXNativeTarget section */

/* Begin PBXProject section */
		8484BDF62B66A21800A75E7F /* Project object */ = {
			isa = PBXProject;
			attributes = {
				BuildIndependentTargetsInParallel = 1;
				LastSwiftUpdateCheck = 1430;
				LastUpgradeCheck = 1430;
				TargetAttributes = {
					8484BDFD2B66A21800A75E7F = {
						CreatedOnToolsVersion = 14.3;
					};
				};
			};
			buildConfigurationList = 8484BDF92B66A21800A75E7F /* Build configuration list for PBXProject "notes" */;
			compatibilityVersion = "Xcode 14.0";
			developmentRegion = en;
			hasScannedForEncodings = 0;
			knownRegions = (
				en,
				Base,
			);
			mainGroup = 8484BDF52B66A21800A75E7F;
			packageReferences = (
			);
			productRefGroup = 8484BDFF2B66A21800A75E7F /* Products */;
			projectDirPath = "";
			projectRoot = "";
			targets = (
				8484BDFD2B66A21800A75E7F /* notes */,
			);
		};
/* End PBXProject section */

/* Begin PBXResourcesBuildPhase section */
		8484BDFC2B66A21800A75E7F /* Resources */ = {
			isa = PBXResourcesBuildPhase;
			buildActionMask = 2147483647;
			files = (
				8499D8B32B6E4D2300ABBF61 /* cover.png in Resources */,
				8499D8B12B6E4A3900ABBF61 /* README.md in Resources */,
				8484BE0E2B66A21900A75E7F /* Assets.xcassets in Resources */,
			);
			runOnlyForDeploymentPostprocessing = 0;
		};
/* End PBXResourcesBuildPhase section */

/* Begin PBXSourcesBuildPhase section */
		8484BDFA2B66A21800A75E7F /* Sources */ = {
			isa = PBXSourcesBuildPhase;
			buildActionMask = 2147483647;
			files = (
				8484BE372B67805500A75E7F /* MainProtocols.swift in Sources */,
				8484BE2E2B6778FA00A75E7F /* misc.swift in Sources */,
				8484BE392B6780CC00A75E7F /* MainConfigurator.swift in Sources */,
				84604ABE2B7A06EA00A98CED /* AnimatorFactory.swift in Sources */,
				8484BE4F2B67F1B500A75E7F /* UIImage + ext.swift in Sources */,
				84604AC32B7CA26200A98CED /* PasswordViewController.swift in Sources */,
				844C91612B6BD454000DF881 /* DBManagerService.swift in Sources */,
				8484BE5A2B68EA6F00A75E7F /* NotePresenter.swift in Sources */,
				8484BE4A2B67BDC200A75E7F /* MainVCLayouts.swift in Sources */,
				8484BE562B68E93000A75E7F /* NoteProtocols.swift in Sources */,
				8484BE062B66A21800A75E7F /* MainViewController.swift in Sources */,
				84BAEC4E2B6A91E900B1D6E3 /* NoteVC + ext.swift in Sources */,
				8484BE442B67ABEE00A75E7F /* TopBannerSubCell.swift in Sources */,
				8484BE542B68E90B00A75E7F /* NoteViewController.swift in Sources */,
				8484BE352B677F5900A75E7F /* UIViewController + ext.swift in Sources */,
				8484BE4C2B67E5EF00A75E7F /* UIButton + ext.swift in Sources */,
				8484BE512B67F9F300A75E7F /* UIStackView + ext.swift in Sources */,
				8484BE422B67A97400A75E7F /* TopBannerCell.swift in Sources */,
				8484BE482B67BAC800A75E7F /* MainVC + ext.swift in Sources */,
				8484BE3F2B67826500A75E7F /* MainRouter.swift in Sources */,
				846395132B69096C00B0B3C5 /* NoteButton.swift in Sources */,
				84BAEC4C2B6A906E00B1D6E3 /* ImagePicker.swift in Sources */,
				84604AC72B7CA2A600A98CED /* PasswordProtocols.swift in Sources */,
				8484BE3B2B67811C00A75E7F /* MainPresenter.swift in Sources */,
				8484BE3D2B67823A00A75E7F /* MainInteractor.swift in Sources */,
				8484BE022B66A21800A75E7F /* AppDelegate.swift in Sources */,
				84ABE7C62B6AA374007A9C56 /* TextInputField.swift in Sources */,
				84604AC92B7CA6DF00A98CED /* PasswordPresenter.swift in Sources */,
				84604AC52B7CA28900A98CED /* PasswordConfigurator.swift in Sources */,
				8484BE322B677EDE00A75E7F /* AppAssembly.swift in Sources */,
				8484BE5C2B68EC5800A75E7F /* NoteRouter.swift in Sources */,
				84604ACB2B7CA7B000A98CED /* PasswordRouter.swift in Sources */,
				8484BE462B67AD7100A75E7F /* NoteCell.swift in Sources */,
				84604AC02B7A16F500A98CED /* YearSubCell.swift in Sources */,
				8484BE042B66A21800A75E7F /* SceneDelegate.swift in Sources */,
				8484BE0C2B66A21800A75E7F /* notes.xcdatamodeld in Sources */,
				84604ACD2B7CA8F400A98CED /* PasswordInteractor.swift in Sources */,
				843F79F42B6900A500563976 /* NoteInteractor.swift in Sources */,
				8484BE582B68EA2000A75E7F /* NoteConfigurator.swift in Sources */,
			);
			runOnlyForDeploymentPostprocessing = 0;
		};
/* End PBXSourcesBuildPhase section */

/* Begin XCBuildConfiguration section */
		8484BE132B66A21900A75E7F /* Debug */ = {
			isa = XCBuildConfiguration;
			buildSettings = {
				ALWAYS_SEARCH_USER_PATHS = NO;
				CLANG_ANALYZER_NONNULL = YES;
				CLANG_ANALYZER_NUMBER_OBJECT_CONVERSION = YES_AGGRESSIVE;
				CLANG_CXX_LANGUAGE_STANDARD = "gnu++20";
				CLANG_ENABLE_MODULES = YES;
				CLANG_ENABLE_OBJC_ARC = YES;
				CLANG_ENABLE_OBJC_WEAK = YES;
				CLANG_WARN_BLOCK_CAPTURE_AUTORELEASING = YES;
				CLANG_WARN_BOOL_CONVERSION = YES;
				CLANG_WARN_COMMA = YES;
				CLANG_WARN_CONSTANT_CONVERSION = YES;
				CLANG_WARN_DEPRECATED_OBJC_IMPLEMENTATIONS = YES;
				CLANG_WARN_DIRECT_OBJC_ISA_USAGE = YES_ERROR;
				CLANG_WARN_DOCUMENTATION_COMMENTS = YES;
				CLANG_WARN_EMPTY_BODY = YES;
				CLANG_WARN_ENUM_CONVERSION = YES;
				CLANG_WARN_INFINITE_RECURSION = YES;
				CLANG_WARN_INT_CONVERSION = YES;
				CLANG_WARN_NON_LITERAL_NULL_CONVERSION = YES;
				CLANG_WARN_OBJC_IMPLICIT_RETAIN_SELF = YES;
				CLANG_WARN_OBJC_LITERAL_CONVERSION = YES;
				CLANG_WARN_OBJC_ROOT_CLASS = YES_ERROR;
				CLANG_WARN_QUOTED_INCLUDE_IN_FRAMEWORK_HEADER = YES;
				CLANG_WARN_RANGE_LOOP_ANALYSIS = YES;
				CLANG_WARN_STRICT_PROTOTYPES = YES;
				CLANG_WARN_SUSPICIOUS_MOVE = YES;
				CLANG_WARN_UNGUARDED_AVAILABILITY = YES_AGGRESSIVE;
				CLANG_WARN_UNREACHABLE_CODE = YES;
				CLANG_WARN__DUPLICATE_METHOD_MATCH = YES;
				COPY_PHASE_STRIP = NO;
				DEBUG_INFORMATION_FORMAT = dwarf;
				ENABLE_STRICT_OBJC_MSGSEND = YES;
				ENABLE_TESTABILITY = YES;
				GCC_C_LANGUAGE_STANDARD = gnu11;
				GCC_DYNAMIC_NO_PIC = NO;
				GCC_NO_COMMON_BLOCKS = YES;
				GCC_OPTIMIZATION_LEVEL = 0;
				GCC_PREPROCESSOR_DEFINITIONS = (
					"DEBUG=1",
					"$(inherited)",
				);
				GCC_WARN_64_TO_32_BIT_CONVERSION = YES;
				GCC_WARN_ABOUT_RETURN_TYPE = YES_ERROR;
				GCC_WARN_UNDECLARED_SELECTOR = YES;
				GCC_WARN_UNINITIALIZED_AUTOS = YES_AGGRESSIVE;
				GCC_WARN_UNUSED_FUNCTION = YES;
				GCC_WARN_UNUSED_VARIABLE = YES;
				IPHONEOS_DEPLOYMENT_TARGET = 16.4;
				MTL_ENABLE_DEBUG_INFO = INCLUDE_SOURCE;
				MTL_FAST_MATH = YES;
				ONLY_ACTIVE_ARCH = YES;
				SDKROOT = iphoneos;
				SWIFT_ACTIVE_COMPILATION_CONDITIONS = DEBUG;
				SWIFT_OPTIMIZATION_LEVEL = "-Onone";
			};
			name = Debug;
		};
		8484BE142B66A21900A75E7F /* Release */ = {
			isa = XCBuildConfiguration;
			buildSettings = {
				ALWAYS_SEARCH_USER_PATHS = NO;
				CLANG_ANALYZER_NONNULL = YES;
				CLANG_ANALYZER_NUMBER_OBJECT_CONVERSION = YES_AGGRESSIVE;
				CLANG_CXX_LANGUAGE_STANDARD = "gnu++20";
				CLANG_ENABLE_MODULES = YES;
				CLANG_ENABLE_OBJC_ARC = YES;
				CLANG_ENABLE_OBJC_WEAK = YES;
				CLANG_WARN_BLOCK_CAPTURE_AUTORELEASING = YES;
				CLANG_WARN_BOOL_CONVERSION = YES;
				CLANG_WARN_COMMA = YES;
				CLANG_WARN_CONSTANT_CONVERSION = YES;
				CLANG_WARN_DEPRECATED_OBJC_IMPLEMENTATIONS = YES;
				CLANG_WARN_DIRECT_OBJC_ISA_USAGE = YES_ERROR;
				CLANG_WARN_DOCUMENTATION_COMMENTS = YES;
				CLANG_WARN_EMPTY_BODY = YES;
				CLANG_WARN_ENUM_CONVERSION = YES;
				CLANG_WARN_INFINITE_RECURSION = YES;
				CLANG_WARN_INT_CONVERSION = YES;
				CLANG_WARN_NON_LITERAL_NULL_CONVERSION = YES;
				CLANG_WARN_OBJC_IMPLICIT_RETAIN_SELF = YES;
				CLANG_WARN_OBJC_LITERAL_CONVERSION = YES;
				CLANG_WARN_OBJC_ROOT_CLASS = YES_ERROR;
				CLANG_WARN_QUOTED_INCLUDE_IN_FRAMEWORK_HEADER = YES;
				CLANG_WARN_RANGE_LOOP_ANALYSIS = YES;
				CLANG_WARN_STRICT_PROTOTYPES = YES;
				CLANG_WARN_SUSPICIOUS_MOVE = YES;
				CLANG_WARN_UNGUARDED_AVAILABILITY = YES_AGGRESSIVE;
				CLANG_WARN_UNREACHABLE_CODE = YES;
				CLANG_WARN__DUPLICATE_METHOD_MATCH = YES;
				COPY_PHASE_STRIP = NO;
				DEBUG_INFORMATION_FORMAT = "dwarf-with-dsym";
				ENABLE_NS_ASSERTIONS = NO;
				ENABLE_STRICT_OBJC_MSGSEND = YES;
				GCC_C_LANGUAGE_STANDARD = gnu11;
				GCC_NO_COMMON_BLOCKS = YES;
				GCC_WARN_64_TO_32_BIT_CONVERSION = YES;
				GCC_WARN_ABOUT_RETURN_TYPE = YES_ERROR;
				GCC_WARN_UNDECLARED_SELECTOR = YES;
				GCC_WARN_UNINITIALIZED_AUTOS = YES_AGGRESSIVE;
				GCC_WARN_UNUSED_FUNCTION = YES;
				GCC_WARN_UNUSED_VARIABLE = YES;
				IPHONEOS_DEPLOYMENT_TARGET = 16.4;
				MTL_ENABLE_DEBUG_INFO = NO;
				MTL_FAST_MATH = YES;
				SDKROOT = iphoneos;
				SWIFT_COMPILATION_MODE = wholemodule;
				SWIFT_OPTIMIZATION_LEVEL = "-O";
				VALIDATE_PRODUCT = YES;
			};
			name = Release;
		};
		8484BE162B66A21900A75E7F /* Debug */ = {
			isa = XCBuildConfiguration;
			buildSettings = {
				ASSETCATALOG_COMPILER_APPICON_NAME = AppIcon;
				ASSETCATALOG_COMPILER_GLOBAL_ACCENT_COLOR_NAME = AccentColor;
				CODE_SIGN_STYLE = Automatic;
				CURRENT_PROJECT_VERSION = 1;
				DEVELOPMENT_TEAM = S6Y7U4524Z;
				GENERATE_INFOPLIST_FILE = YES;
				INFOPLIST_FILE = notes/Info.plist;
				INFOPLIST_KEY_UIApplicationSupportsIndirectInputEvents = YES;
				INFOPLIST_KEY_UILaunchStoryboardName = LaunchScreen;
				INFOPLIST_KEY_UISupportedInterfaceOrientations_iPad = "UIInterfaceOrientationPortrait UIInterfaceOrientationPortraitUpsideDown UIInterfaceOrientationLandscapeLeft UIInterfaceOrientationLandscapeRight";
				INFOPLIST_KEY_UISupportedInterfaceOrientations_iPhone = "UIInterfaceOrientationPortrait UIInterfaceOrientationLandscapeLeft UIInterfaceOrientationLandscapeRight";
				LD_RUNPATH_SEARCH_PATHS = (
					"$(inherited)",
					"@executable_path/Frameworks",
				);
				MARKETING_VERSION = 1.0;
				PRODUCT_BUNDLE_IDENTIFIER = "-2.notes";
				PRODUCT_NAME = "$(TARGET_NAME)";
				SWIFT_EMIT_LOC_STRINGS = YES;
				SWIFT_VERSION = 5.0;
				TARGETED_DEVICE_FAMILY = "1,2";
			};
			name = Debug;
		};
		8484BE172B66A21900A75E7F /* Release */ = {
			isa = XCBuildConfiguration;
			buildSettings = {
				ASSETCATALOG_COMPILER_APPICON_NAME = AppIcon;
				ASSETCATALOG_COMPILER_GLOBAL_ACCENT_COLOR_NAME = AccentColor;
				CODE_SIGN_STYLE = Automatic;
				CURRENT_PROJECT_VERSION = 1;
				DEVELOPMENT_TEAM = S6Y7U4524Z;
				GENERATE_INFOPLIST_FILE = YES;
				INFOPLIST_FILE = notes/Info.plist;
				INFOPLIST_KEY_UIApplicationSupportsIndirectInputEvents = YES;
				INFOPLIST_KEY_UILaunchStoryboardName = LaunchScreen;
				INFOPLIST_KEY_UISupportedInterfaceOrientations_iPad = "UIInterfaceOrientationPortrait UIInterfaceOrientationPortraitUpsideDown UIInterfaceOrientationLandscapeLeft UIInterfaceOrientationLandscapeRight";
				INFOPLIST_KEY_UISupportedInterfaceOrientations_iPhone = "UIInterfaceOrientationPortrait UIInterfaceOrientationLandscapeLeft UIInterfaceOrientationLandscapeRight";
				LD_RUNPATH_SEARCH_PATHS = (
					"$(inherited)",
					"@executable_path/Frameworks",
				);
				MARKETING_VERSION = 1.0;
				PRODUCT_BUNDLE_IDENTIFIER = "-2.notes";
				PRODUCT_NAME = "$(TARGET_NAME)";
				SWIFT_EMIT_LOC_STRINGS = YES;
				SWIFT_VERSION = 5.0;
				TARGETED_DEVICE_FAMILY = "1,2";
			};
			name = Release;
		};
/* End XCBuildConfiguration section */

/* Begin XCConfigurationList section */
		8484BDF92B66A21800A75E7F /* Build configuration list for PBXProject "notes" */ = {
			isa = XCConfigurationList;
			buildConfigurations = (
				8484BE132B66A21900A75E7F /* Debug */,
				8484BE142B66A21900A75E7F /* Release */,
			);
			defaultConfigurationIsVisible = 0;
			defaultConfigurationName = Release;
		};
		8484BE152B66A21900A75E7F /* Build configuration list for PBXNativeTarget "notes" */ = {
			isa = XCConfigurationList;
			buildConfigurations = (
				8484BE162B66A21900A75E7F /* Debug */,
				8484BE172B66A21900A75E7F /* Release */,
			);
			defaultConfigurationIsVisible = 0;
			defaultConfigurationName = Release;
		};
/* End XCConfigurationList section */

/* Begin XCVersionGroup section */
		8484BE0A2B66A21800A75E7F /* notes.xcdatamodeld */ = {
			isa = XCVersionGroup;
			children = (
				8484BE0B2B66A21800A75E7F /* notes.xcdatamodel */,
			);
			currentVersion = 8484BE0B2B66A21800A75E7F /* notes.xcdatamodel */;
			path = notes.xcdatamodeld;
			sourceTree = "<group>";
			versionGroupType = wrapper.xcdatamodel;
		};
/* End XCVersionGroup section */
	};
	rootObject = 8484BDF62B66A21800A75E7F /* Project object */;
}
